
Microsoft Visual Studio Solution File, Format Version 12.00
# Visual Studio Version 16
VisualStudioVersion = 16.0.29001.49
MinimumVisualStudioVersion = 10.0.40219.1
Project("{F184B08F-C81C-45F6-A57F-5ABD9991F28F}") = "NotaSegura", "NotaSegura\NotaSegura.vbproj", "{A8B77885-1B45-4360-A031-A7B28312BB5B}"
EndProject
Global
	GlobalSection(SolutionConfigurationPlatforms) = preSolution
		Debug|Any CPU = Debug|Any CPU
		Release|Any CPU = Release|Any CPU
	EndGlobalSection
	GlobalSection(ProjectConfigurationPlatforms) = postSolution
		{A8B77885-1B45-4360-A031-A7B28312BB5B}.Debug|Any CPU.ActiveCfg = Debug|Any CPU
		{A8B77885-1B45-4360-A031-A7B28312BB5B}.Debug|Any CPU.Build.0 = Debug|Any CPU
		{A8B77885-1B45-4360-A031-A7B28312BB5B}.Release|Any CPU.ActiveCfg = Release|Any CPU
		{A8B77885-1B45-4360-A031-A7B28312BB5B}.Release|Any CPU.Build.0 = Release|Any CPU
	EndGlobalSection
	GlobalSection(SolutionProperties) = preSolution
		HideSolutionNode = FALSE
	EndGlobalSection
	GlobalSection(ExtensibilityGlobals) = postSolution
		SolutionGuid = {4AB8C9BB-52F1-4634-9EA0-3E9F04F0884C}
	EndGlobalSection
EndGlobal
